
Microsoft Visual Studio Solution File, Format Version 12.00
# Visual Studio 2012
Project("{FAE04EC0-301F-11D3-BF4B-00C04F79EFBC}") = "Mundialito2k18", "Mundialito2k18\Mundialito2k18.csproj", "{DE963A2C-2DDD-4B12-B0F4-644C415B757B}"
EndProject
Global
	GlobalSection(SolutionConfigurationPlatforms) = preSolution
		Debug|Any CPU = Debug|Any CPU
		Release|Any CPU = Release|Any CPU
	EndGlobalSection
	GlobalSection(ProjectConfigurationPlatforms) = postSolution
		{DE963A2C-2DDD-4B12-B0F4-644C415B757B}.Debug|Any CPU.ActiveCfg = Debug|Any CPU
		{DE963A2C-2DDD-4B12-B0F4-644C415B757B}.Debug|Any CPU.Build.0 = Debug|Any CPU
		{DE963A2C-2DDD-4B12-B0F4-644C415B757B}.Release|Any CPU.ActiveCfg = Release|Any CPU
		{DE963A2C-2DDD-4B12-B0F4-644C415B757B}.Release|Any CPU.Build.0 = Release|Any CPU
	EndGlobalSection
	GlobalSection(SolutionProperties) = preSolution
		HideSolutionNode = FALSE
	EndGlobalSection
EndGlobal
